// !$*UTF8*$!
{
	archiveVersion = 1;
	classes = {
	};
	objectVersion = 46;
	objects = {

/* Begin PBXBuildFile section */
		4D7F0DDB18ADBC6A2BC62547 /* Pods.framework in Frameworks */ = {isa = PBXBuildFile; fileRef = 917BD8798856F4B16B18F1FD /* Pods.framework */; settings = {ATTRIBUTES = (Weak, ); }; };
		56EFCFEB1BD9C59D008D3CF7 /* StoreModel.swift in Sources */ = {isa = PBXBuildFile; fileRef = 56EFCFEA1BD9C59D008D3CF7 /* StoreModel.swift */; };
		56EFCFED1BD9C5A9008D3CF7 /* ProductModel.swift in Sources */ = {isa = PBXBuildFile; fileRef = 56EFCFEC1BD9C5A9008D3CF7 /* ProductModel.swift */; };
		56EFD02C1BD9D237008D3CF7 /* DataBaseManager.swift in Sources */ = {isa = PBXBuildFile; fileRef = 56EFD02B1BD9D237008D3CF7 /* DataBaseManager.swift */; };
		7706CBE91B515D1A00DB5DFC /* ShopDetailViewController.swift in Sources */ = {isa = PBXBuildFile; fileRef = 7706CBE81B515D1A00DB5DFC /* ShopDetailViewController.swift */; };
		771063FA1B4E1CA200308C38 /* RepeatRollView.swift in Sources */ = {isa = PBXBuildFile; fileRef = 771063F91B4E1CA200308C38 /* RepeatRollView.swift */; };
		77161B4A1B4A1DEF00DB20E8 /* AppDelegate.swift in Sources */ = {isa = PBXBuildFile; fileRef = 77161B491B4A1DEF00DB20E8 /* AppDelegate.swift */; };
		77161B4F1B4A1DEF00DB20E8 /* Main.storyboard in Resources */ = {isa = PBXBuildFile; fileRef = 77161B4D1B4A1DEF00DB20E8 /* Main.storyboard */; };
		77161B511B4A1DEF00DB20E8 /* Assets.xcassets in Resources */ = {isa = PBXBuildFile; fileRef = 77161B501B4A1DEF00DB20E8 /* Assets.xcassets */; };
		77161B541B4A1DEF00DB20E8 /* LaunchScreen.storyboard in Resources */ = {isa = PBXBuildFile; fileRef = 77161B521B4A1DEF00DB20E8 /* LaunchScreen.storyboard */; };
		77161B5F1B4A1DEF00DB20E8 /* GoFarmBySwiftTests.swift in Sources */ = {isa = PBXBuildFile; fileRef = 77161B5E1B4A1DEF00DB20E8 /* GoFarmBySwiftTests.swift */; };
		77161B6A1B4A1DEF00DB20E8 /* GoFarmBySwiftUITests.swift in Sources */ = {isa = PBXBuildFile; fileRef = 77161B691B4A1DEF00DB20E8 /* GoFarmBySwiftUITests.swift */; };
		77161B7C1B4A226500DB20E8 /* FarmViewController.swift in Sources */ = {isa = PBXBuildFile; fileRef = 77161B771B4A226500DB20E8 /* FarmViewController.swift */; };
		77161B7D1B4A226500DB20E8 /* FirstViewController.swift in Sources */ = {isa = PBXBuildFile; fileRef = 77161B781B4A226500DB20E8 /* FirstViewController.swift */; };
		77161B7E1B4A226500DB20E8 /* MessageViewController.swift in Sources */ = {isa = PBXBuildFile; fileRef = 77161B791B4A226500DB20E8 /* MessageViewController.swift */; };
		77161B7F1B4A226500DB20E8 /* MyViewController.swift in Sources */ = {isa = PBXBuildFile; fileRef = 77161B7A1B4A226500DB20E8 /* MyViewController.swift */; };
		77161B801B4A226500DB20E8 /* TrendsViewController.swift in Sources */ = {isa = PBXBuildFile; fileRef = 77161B7B1B4A226500DB20E8 /* TrendsViewController.swift */; };
		77161B971B4BBF0400DB20E8 /* FarmerTableViewCell.swift in Sources */ = {isa = PBXBuildFile; fileRef = 77161B961B4BBF0400DB20E8 /* FarmerTableViewCell.swift */; };
		77161B991B4BBF2300DB20E8 /* TrendsTableViewCell.swift in Sources */ = {isa = PBXBuildFile; fileRef = 77161B981B4BBF2300DB20E8 /* TrendsTableViewCell.swift */; };
		77161B9F1B4BD1DA00DB20E8 /* FileHead.swift in Sources */ = {isa = PBXBuildFile; fileRef = 77161B9E1B4BD1DA00DB20E8 /* FileHead.swift */; };
		77161BA21B4BD30300DB20E8 /* TrendsModel.swift in Sources */ = {isa = PBXBuildFile; fileRef = 77161BA11B4BD30300DB20E8 /* TrendsModel.swift */; };
		77161BA41B4C19A600DB20E8 /* TrendsDetailViewController.swift in Sources */ = {isa = PBXBuildFile; fileRef = 77161BA31B4C19A600DB20E8 /* TrendsDetailViewController.swift */; };
		77161BA61B4C2D5400DB20E8 /* ChatViewController.swift in Sources */ = {isa = PBXBuildFile; fileRef = 77161BA51B4C2D5400DB20E8 /* ChatViewController.swift */; };
		77161BA81B4CA79B00DB20E8 /* TrendsDisplayPhotoView.swift in Sources */ = {isa = PBXBuildFile; fileRef = 77161BA71B4CA79B00DB20E8 /* TrendsDisplayPhotoView.swift */; };
		77161BAA1B4CDABC00DB20E8 /* CommentModel.swift in Sources */ = {isa = PBXBuildFile; fileRef = 77161BA91B4CDABC00DB20E8 /* CommentModel.swift */; };
		77161BAC1B4CDACA00DB20E8 /* UserModel.swift in Sources */ = {isa = PBXBuildFile; fileRef = 77161BAB1B4CDACA00DB20E8 /* UserModel.swift */; };
		773625221B4D230400D9B74D /* FriendTableViewCell.swift in Sources */ = {isa = PBXBuildFile; fileRef = 773625211B4D230400D9B74D /* FriendTableViewCell.swift */; };
		7767E24B1B50103400481661 /* SpotDetailViewController.swift in Sources */ = {isa = PBXBuildFile; fileRef = 7767E24A1B50103400481661 /* SpotDetailViewController.swift */; };
		7767E24D1B5011BB00481661 /* WritetrendsViewController.swift in Sources */ = {isa = PBXBuildFile; fileRef = 7767E24C1B5011BB00481661 /* WritetrendsViewController.swift */; };
		777461981B4FA2AB00E5A882 /* TabBarView.swift in Sources */ = {isa = PBXBuildFile; fileRef = 777461971B4FA2AB00E5A882 /* TabBarView.swift */; };
		7774619A1B4FAA1200E5A882 /* CategoryViewController.swift in Sources */ = {isa = PBXBuildFile; fileRef = 777461991B4FAA1200E5A882 /* CategoryViewController.swift */; };
		77C6C5011BDA92590095DB9A /* HotProductTableViewCell.swift in Sources */ = {isa = PBXBuildFile; fileRef = 77C6C5001BDA92590095DB9A /* HotProductTableViewCell.swift */; };
		77C6C5031BDA937A0095DB9A /* Define.swift in Sources */ = {isa = PBXBuildFile; fileRef = 77C6C5021BDA937A0095DB9A /* Define.swift */; };
		77C6C5051BDA97530095DB9A /* HotProductCollectionViewCell.swift in Sources */ = {isa = PBXBuildFile; fileRef = 77C6C5041BDA97530095DB9A /* HotProductCollectionViewCell.swift */; };
		77D2AF791B4D1232008D06CB /* CommentTableViewCell.swift in Sources */ = {isa = PBXBuildFile; fileRef = 77D2AF781B4D1232008D06CB /* CommentTableViewCell.swift */; };
		77FA61F11B54934300931173 /* AvatorStateView.swift in Sources */ = {isa = PBXBuildFile; fileRef = 77FA61F01B54934300931173 /* AvatorStateView.swift */; };
		77FA61F31B549E4E00931173 /* LoginViewController.swift in Sources */ = {isa = PBXBuildFile; fileRef = 77FA61F21B549E4E00931173 /* LoginViewController.swift */; };
		77FA61F51B549E6700931173 /* RegisterViewController.swift in Sources */ = {isa = PBXBuildFile; fileRef = 77FA61F41B549E6700931173 /* RegisterViewController.swift */; };
		77FA61F71B54C38900931173 /* UserInfosViewController.swift in Sources */ = {isa = PBXBuildFile; fileRef = 77FA61F61B54C38900931173 /* UserInfosViewController.swift */; };
		77FA61F91B54C51800931173 /* AboutMineTableViewCell.swift in Sources */ = {isa = PBXBuildFile; fileRef = 77FA61F81B54C51800931173 /* AboutMineTableViewCell.swift */; };
		77FA61FB1B54C52C00931173 /* MyTableViewCell.swift in Sources */ = {isa = PBXBuildFile; fileRef = 77FA61FA1B54C52C00931173 /* MyTableViewCell.swift */; };
/* End PBXBuildFile section */

/* Begin PBXContainerItemProxy section */
		77161B5B1B4A1DEF00DB20E8 /* PBXContainerItemProxy */ = {
			isa = PBXContainerItemProxy;
			containerPortal = 77161B3E1B4A1DEF00DB20E8 /* Project object */;
			proxyType = 1;
			remoteGlobalIDString = 77161B451B4A1DEF00DB20E8;
			remoteInfo = GoFarmBySwift;
		};
		77161B661B4A1DEF00DB20E8 /* PBXContainerItemProxy */ = {
			isa = PBXContainerItemProxy;
			containerPortal = 77161B3E1B4A1DEF00DB20E8 /* Project object */;
			proxyType = 1;
			remoteGlobalIDString = 77161B451B4A1DEF00DB20E8;
			remoteInfo = GoFarmBySwift;
		};
/* End PBXContainerItemProxy section */

/* Begin PBXFileReference section */
		5309DFBE5A33005887F14E8C /* Pods.debug.xcconfig */ = {isa = PBXFileReference; includeInIndex = 1; lastKnownFileType = text.xcconfig; name = Pods.debug.xcconfig; path = "Pods/Target Support Files/Pods/Pods.debug.xcconfig"; sourceTree = "<group>"; };
		56EFCFEA1BD9C59D008D3CF7 /* StoreModel.swift */ = {isa = PBXFileReference; fileEncoding = 4; lastKnownFileType = sourcecode.swift; path = StoreModel.swift; sourceTree = "<group>"; };
		56EFCFEC1BD9C5A9008D3CF7 /* ProductModel.swift */ = {isa = PBXFileReference; fileEncoding = 4; lastKnownFileType = sourcecode.swift; path = ProductModel.swift; sourceTree = "<group>"; };
		56EFD02B1BD9D237008D3CF7 /* DataBaseManager.swift */ = {isa = PBXFileReference; fileEncoding = 4; lastKnownFileType = sourcecode.swift; path = DataBaseManager.swift; sourceTree = "<group>"; };
		6C3FB21E78283F49C6F6BDF5 /* Pods.release.xcconfig */ = {isa = PBXFileReference; includeInIndex = 1; lastKnownFileType = text.xcconfig; name = Pods.release.xcconfig; path = "Pods/Target Support Files/Pods/Pods.release.xcconfig"; sourceTree = "<group>"; };
		7706CBE81B515D1A00DB5DFC /* ShopDetailViewController.swift */ = {isa = PBXFileReference; fileEncoding = 4; lastKnownFileType = sourcecode.swift; path = ShopDetailViewController.swift; sourceTree = "<group>"; };
		771063F91B4E1CA200308C38 /* RepeatRollView.swift */ = {isa = PBXFileReference; fileEncoding = 4; lastKnownFileType = sourcecode.swift; path = RepeatRollView.swift; sourceTree = "<group>"; };
		77161B461B4A1DEF00DB20E8 /* GoFarmBySwift.app */ = {isa = PBXFileReference; explicitFileType = wrapper.application; includeInIndex = 0; path = GoFarmBySwift.app; sourceTree = BUILT_PRODUCTS_DIR; };
		77161B491B4A1DEF00DB20E8 /* AppDelegate.swift */ = {isa = PBXFileReference; lastKnownFileType = sourcecode.swift; path = AppDelegate.swift; sourceTree = "<group>"; };
		77161B4E1B4A1DEF00DB20E8 /* Base */ = {isa = PBXFileReference; lastKnownFileType = file.storyboard; name = Base; path = Base.lproj/Main.storyboard; sourceTree = "<group>"; };
		77161B501B4A1DEF00DB20E8 /* Assets.xcassets */ = {isa = PBXFileReference; lastKnownFileType = folder.assetcatalog; path = Assets.xcassets; sourceTree = "<group>"; };
		77161B531B4A1DEF00DB20E8 /* Base */ = {isa = PBXFileReference; lastKnownFileType = file.storyboard; name = Base; path = Base.lproj/LaunchScreen.storyboard; sourceTree = "<group>"; };
		77161B551B4A1DEF00DB20E8 /* Info.plist */ = {isa = PBXFileReference; lastKnownFileType = text.plist.xml; path = Info.plist; sourceTree = "<group>"; };
		77161B5A1B4A1DEF00DB20E8 /* GoFarmBySwiftTests.xctest */ = {isa = PBXFileReference; explicitFileType = wrapper.cfbundle; includeInIndex = 0; path = GoFarmBySwiftTests.xctest; sourceTree = BUILT_PRODUCTS_DIR; };
		77161B5E1B4A1DEF00DB20E8 /* GoFarmBySwiftTests.swift */ = {isa = PBXFileReference; lastKnownFileType = sourcecode.swift; path = GoFarmBySwiftTests.swift; sourceTree = "<group>"; };
		77161B601B4A1DEF00DB20E8 /* Info.plist */ = {isa = PBXFileReference; lastKnownFileType = text.plist.xml; path = Info.plist; sourceTree = "<group>"; };
		77161B651B4A1DEF00DB20E8 /* GoFarmBySwiftUITests.xctest */ = {isa = PBXFileReference; explicitFileType = wrapper.cfbundle; includeInIndex = 0; path = GoFarmBySwiftUITests.xctest; sourceTree = BUILT_PRODUCTS_DIR; };
		77161B691B4A1DEF00DB20E8 /* GoFarmBySwiftUITests.swift */ = {isa = PBXFileReference; lastKnownFileType = sourcecode.swift; path = GoFarmBySwiftUITests.swift; sourceTree = "<group>"; };
		77161B6B1B4A1DEF00DB20E8 /* Info.plist */ = {isa = PBXFileReference; lastKnownFileType = text.plist.xml; path = Info.plist; sourceTree = "<group>"; };
		77161B771B4A226500DB20E8 /* FarmViewController.swift */ = {isa = PBXFileReference; fileEncoding = 4; lastKnownFileType = sourcecode.swift; path = FarmViewController.swift; sourceTree = "<group>"; };
		77161B781B4A226500DB20E8 /* FirstViewController.swift */ = {isa = PBXFileReference; fileEncoding = 4; lastKnownFileType = sourcecode.swift; path = FirstViewController.swift; sourceTree = "<group>"; };
		77161B791B4A226500DB20E8 /* MessageViewController.swift */ = {isa = PBXFileReference; fileEncoding = 4; lastKnownFileType = sourcecode.swift; path = MessageViewController.swift; sourceTree = "<group>"; };
		77161B7A1B4A226500DB20E8 /* MyViewController.swift */ = {isa = PBXFileReference; fileEncoding = 4; lastKnownFileType = sourcecode.swift; path = MyViewController.swift; sourceTree = "<group>"; };
		77161B7B1B4A226500DB20E8 /* TrendsViewController.swift */ = {isa = PBXFileReference; fileEncoding = 4; lastKnownFileType = sourcecode.swift; path = TrendsViewController.swift; sourceTree = "<group>"; };
		77161B961B4BBF0400DB20E8 /* FarmerTableViewCell.swift */ = {isa = PBXFileReference; fileEncoding = 4; lastKnownFileType = sourcecode.swift; path = FarmerTableViewCell.swift; sourceTree = "<group>"; };
		77161B981B4BBF2300DB20E8 /* TrendsTableViewCell.swift */ = {isa = PBXFileReference; fileEncoding = 4; lastKnownFileType = sourcecode.swift; path = TrendsTableViewCell.swift; sourceTree = "<group>"; };
		77161B9B1B4BCD6F00DB20E8 /* GoFarmBySwift-Bridging-Header.h */ = {isa = PBXFileReference; lastKnownFileType = sourcecode.c.h; path = "GoFarmBySwift-Bridging-Header.h"; sourceTree = SOURCE_ROOT; };
		77161B9E1B4BD1DA00DB20E8 /* FileHead.swift */ = {isa = PBXFileReference; fileEncoding = 4; lastKnownFileType = sourcecode.swift; name = FileHead.swift; path = ../FileHead.swift; sourceTree = "<group>"; };
		77161BA11B4BD30300DB20E8 /* TrendsModel.swift */ = {isa = PBXFileReference; fileEncoding = 4; lastKnownFileType = sourcecode.swift; path = TrendsModel.swift; sourceTree = "<group>"; };
		77161BA31B4C19A600DB20E8 /* TrendsDetailViewController.swift */ = {isa = PBXFileReference; fileEncoding = 4; lastKnownFileType = sourcecode.swift; path = TrendsDetailViewController.swift; sourceTree = "<group>"; };
		77161BA51B4C2D5400DB20E8 /* ChatViewController.swift */ = {isa = PBXFileReference; fileEncoding = 4; lastKnownFileType = sourcecode.swift; path = ChatViewController.swift; sourceTree = "<group>"; };
		77161BA71B4CA79B00DB20E8 /* TrendsDisplayPhotoView.swift */ = {isa = PBXFileReference; fileEncoding = 4; lastKnownFileType = sourcecode.swift; path = TrendsDisplayPhotoView.swift; sourceTree = "<group>"; };
		77161BA91B4CDABC00DB20E8 /* CommentModel.swift */ = {isa = PBXFileReference; fileEncoding = 4; lastKnownFileType = sourcecode.swift; path = CommentModel.swift; sourceTree = "<group>"; };
		77161BAB1B4CDACA00DB20E8 /* UserModel.swift */ = {isa = PBXFileReference; fileEncoding = 4; lastKnownFileType = sourcecode.swift; path = UserModel.swift; sourceTree = "<group>"; };
		773625211B4D230400D9B74D /* FriendTableViewCell.swift */ = {isa = PBXFileReference; fileEncoding = 4; lastKnownFileType = sourcecode.swift; path = FriendTableViewCell.swift; sourceTree = "<group>"; };
		7767E24A1B50103400481661 /* SpotDetailViewController.swift */ = {isa = PBXFileReference; fileEncoding = 4; lastKnownFileType = sourcecode.swift; path = SpotDetailViewController.swift; sourceTree = "<group>"; };
		7767E24C1B5011BB00481661 /* WritetrendsViewController.swift */ = {isa = PBXFileReference; fileEncoding = 4; lastKnownFileType = sourcecode.swift; path = WritetrendsViewController.swift; sourceTree = "<group>"; };
		777461971B4FA2AB00E5A882 /* TabBarView.swift */ = {isa = PBXFileReference; fileEncoding = 4; lastKnownFileType = sourcecode.swift; path = TabBarView.swift; sourceTree = "<group>"; };
		777461991B4FAA1200E5A882 /* CategoryViewController.swift */ = {isa = PBXFileReference; fileEncoding = 4; lastKnownFileType = sourcecode.swift; path = CategoryViewController.swift; sourceTree = "<group>"; };
		77C6C5001BDA92590095DB9A /* HotProductTableViewCell.swift */ = {isa = PBXFileReference; fileEncoding = 4; lastKnownFileType = sourcecode.swift; path = HotProductTableViewCell.swift; sourceTree = "<group>"; };
		77C6C5021BDA937A0095DB9A /* Define.swift */ = {isa = PBXFileReference; fileEncoding = 4; lastKnownFileType = sourcecode.swift; path = Define.swift; sourceTree = "<group>"; };
		77C6C5041BDA97530095DB9A /* HotProductCollectionViewCell.swift */ = {isa = PBXFileReference; fileEncoding = 4; lastKnownFileType = sourcecode.swift; path = HotProductCollectionViewCell.swift; sourceTree = "<group>"; };
		77D2AF781B4D1232008D06CB /* CommentTableViewCell.swift */ = {isa = PBXFileReference; fileEncoding = 4; lastKnownFileType = sourcecode.swift; path = CommentTableViewCell.swift; sourceTree = "<group>"; };
		77FA61F01B54934300931173 /* AvatorStateView.swift */ = {isa = PBXFileReference; fileEncoding = 4; lastKnownFileType = sourcecode.swift; path = AvatorStateView.swift; sourceTree = "<group>"; };
		77FA61F21B549E4E00931173 /* LoginViewController.swift */ = {isa = PBXFileReference; fileEncoding = 4; lastKnownFileType = sourcecode.swift; path = LoginViewController.swift; sourceTree = "<group>"; };
		77FA61F41B549E6700931173 /* RegisterViewController.swift */ = {isa = PBXFileReference; fileEncoding = 4; lastKnownFileType = sourcecode.swift; path = RegisterViewController.swift; sourceTree = "<group>"; };
		77FA61F61B54C38900931173 /* UserInfosViewController.swift */ = {isa = PBXFileReference; fileEncoding = 4; lastKnownFileType = sourcecode.swift; path = UserInfosViewController.swift; sourceTree = "<group>"; };
		77FA61F81B54C51800931173 /* AboutMineTableViewCell.swift */ = {isa = PBXFileReference; fileEncoding = 4; lastKnownFileType = sourcecode.swift; path = AboutMineTableViewCell.swift; sourceTree = "<group>"; };
		77FA61FA1B54C52C00931173 /* MyTableViewCell.swift */ = {isa = PBXFileReference; fileEncoding = 4; lastKnownFileType = sourcecode.swift; path = MyTableViewCell.swift; sourceTree = "<group>"; };
		917BD8798856F4B16B18F1FD /* Pods.framework */ = {isa = PBXFileReference; explicitFileType = wrapper.framework; includeInIndex = 0; path = Pods.framework; sourceTree = BUILT_PRODUCTS_DIR; };
/* End PBXFileReference section */

/* Begin PBXFrameworksBuildPhase section */
		77161B431B4A1DEF00DB20E8 /* Frameworks */ = {
			isa = PBXFrameworksBuildPhase;
			buildActionMask = 2147483647;
			files = (
				4D7F0DDB18ADBC6A2BC62547 /* Pods.framework in Frameworks */,
			);
			runOnlyForDeploymentPostprocessing = 0;
		};
		77161B571B4A1DEF00DB20E8 /* Frameworks */ = {
			isa = PBXFrameworksBuildPhase;
			buildActionMask = 2147483647;
			files = (
			);
			runOnlyForDeploymentPostprocessing = 0;
		};
		77161B621B4A1DEF00DB20E8 /* Frameworks */ = {
			isa = PBXFrameworksBuildPhase;
			buildActionMask = 2147483647;
			files = (
			);
			runOnlyForDeploymentPostprocessing = 0;
		};
/* End PBXFrameworksBuildPhase section */

/* Begin PBXGroup section */
		56EFCFE91BD9C570008D3CF7 /* comman */ = {
			isa = PBXGroup;
			children = (
				56EFCFEE1BD9C616008D3CF7 /* model */,
				56EFD02B1BD9D237008D3CF7 /* DataBaseManager.swift */,
				77C6C5021BDA937A0095DB9A /* Define.swift */,
			);
			name = comman;
			sourceTree = "<group>";
		};
		56EFCFEE1BD9C616008D3CF7 /* model */ = {
			isa = PBXGroup;
			children = (
				56EFCFEA1BD9C59D008D3CF7 /* StoreModel.swift */,
				56EFCFEC1BD9C5A9008D3CF7 /* ProductModel.swift */,
				77161BAB1B4CDACA00DB20E8 /* UserModel.swift */,
			);
			name = model;
			sourceTree = "<group>";
		};
		60D67E932A9E8D13E2FE286C /* Pods */ = {
			isa = PBXGroup;
			children = (
				5309DFBE5A33005887F14E8C /* Pods.debug.xcconfig */,
				6C3FB21E78283F49C6F6BDF5 /* Pods.release.xcconfig */,
			);
			name = Pods;
			sourceTree = "<group>";
		};
		77161B3D1B4A1DEF00DB20E8 = {
			isa = PBXGroup;
			children = (
				77161B481B4A1DEF00DB20E8 /* GoFarmBySwift */,
				77161B5D1B4A1DEF00DB20E8 /* GoFarmBySwiftTests */,
				77161B681B4A1DEF00DB20E8 /* GoFarmBySwiftUITests */,
				77161B471B4A1DEF00DB20E8 /* Products */,
				60D67E932A9E8D13E2FE286C /* Pods */,
				D5F85A16CDFC87E1024ED98A /* Frameworks */,
			);
			sourceTree = "<group>";
		};
		77161B471B4A1DEF00DB20E8 /* Products */ = {
			isa = PBXGroup;
			children = (
				77161B461B4A1DEF00DB20E8 /* GoFarmBySwift.app */,
				77161B5A1B4A1DEF00DB20E8 /* GoFarmBySwiftTests.xctest */,
				77161B651B4A1DEF00DB20E8 /* GoFarmBySwiftUITests.xctest */,
			);
			name = Products;
			sourceTree = "<group>";
		};
		77161B481B4A1DEF00DB20E8 /* GoFarmBySwift */ = {
			isa = PBXGroup;
			children = (
				56EFCFE91BD9C570008D3CF7 /* comman */,
				77161B851B4BB5EC00DB20E8 /* FirstPage */,
				77161B841B4BB5E300DB20E8 /* MessagePage */,
				77161B831B4BB5D800DB20E8 /* FarmPage */,
				77161B821B4BB59300DB20E8 /* TrendsPage */,
				77161B811B4A23B000DB20E8 /* MyPage */,
				77161B491B4A1DEF00DB20E8 /* AppDelegate.swift */,
				77161B4D1B4A1DEF00DB20E8 /* Main.storyboard */,
				77161B501B4A1DEF00DB20E8 /* Assets.xcassets */,
				77161B521B4A1DEF00DB20E8 /* LaunchScreen.storyboard */,
				77161B551B4A1DEF00DB20E8 /* Info.plist */,
				77161B9E1B4BD1DA00DB20E8 /* FileHead.swift */,
				77161B9B1B4BCD6F00DB20E8 /* GoFarmBySwift-Bridging-Header.h */,
			);
			path = GoFarmBySwift;
			sourceTree = "<group>";
		};
		77161B5D1B4A1DEF00DB20E8 /* GoFarmBySwiftTests */ = {
			isa = PBXGroup;
			children = (
				77161B5E1B4A1DEF00DB20E8 /* GoFarmBySwiftTests.swift */,
				77161B601B4A1DEF00DB20E8 /* Info.plist */,
			);
			path = GoFarmBySwiftTests;
			sourceTree = "<group>";
		};
		77161B681B4A1DEF00DB20E8 /* GoFarmBySwiftUITests */ = {
			isa = PBXGroup;
			children = (
				77161B691B4A1DEF00DB20E8 /* GoFarmBySwiftUITests.swift */,
				77161B6B1B4A1DEF00DB20E8 /* Info.plist */,
			);
			path = GoFarmBySwiftUITests;
			sourceTree = "<group>";
		};
		77161B811B4A23B000DB20E8 /* MyPage */ = {
			isa = PBXGroup;
			children = (
				77161B941B4BB62800DB20E8 /* viewcontrollers */,
				77161B931B4BB62400DB20E8 /* views */,
				77161B921B4BB62100DB20E8 /* models */,
			);
			name = MyPage;
			sourceTree = "<group>";
		};
		77161B821B4BB59300DB20E8 /* TrendsPage */ = {
			isa = PBXGroup;
			children = (
				77161B911B4BB61E00DB20E8 /* viewcontrollers */,
				77161B901B4BB61B00DB20E8 /* views */,
				77161B8F1B4BB61700DB20E8 /* models */,
			);
			name = TrendsPage;
			sourceTree = "<group>";
		};
		77161B831B4BB5D800DB20E8 /* FarmPage */ = {
			isa = PBXGroup;
			children = (
				77161B8E1B4BB61400DB20E8 /* viewcontrollers */,
				77161B8D1B4BB61100DB20E8 /* views */,
				77161B8C1B4BB60D00DB20E8 /* models */,
			);
			name = FarmPage;
			sourceTree = "<group>";
		};
		77161B841B4BB5E300DB20E8 /* MessagePage */ = {
			isa = PBXGroup;
			children = (
				77161B8B1B4BB60A00DB20E8 /* viewcontrollers */,
				77161B8A1B4BB60600DB20E8 /* views */,
				77161B891B4BB60100DB20E8 /* models */,
			);
			name = MessagePage;
			sourceTree = "<group>";
		};
		77161B851B4BB5EC00DB20E8 /* FirstPage */ = {
			isa = PBXGroup;
			children = (
				77161B881B4BB5FE00DB20E8 /* viewcontrollers */,
				77161B871B4BB5FB00DB20E8 /* views */,
				77161B861B4BB5F700DB20E8 /* models */,
			);
			name = FirstPage;
			sourceTree = "<group>";
		};
		77161B861B4BB5F700DB20E8 /* models */ = {
			isa = PBXGroup;
			children = (
			);
			name = models;
			sourceTree = "<group>";
		};
		77161B871B4BB5FB00DB20E8 /* views */ = {
			isa = PBXGroup;
			children = (
				771063F91B4E1CA200308C38 /* RepeatRollView.swift */,
				77C6C5001BDA92590095DB9A /* HotProductTableViewCell.swift */,
				77C6C5041BDA97530095DB9A /* HotProductCollectionViewCell.swift */,
			);
			name = views;
			sourceTree = "<group>";
		};
		77161B881B4BB5FE00DB20E8 /* viewcontrollers */ = {
			isa = PBXGroup;
			children = (
				77161B781B4A226500DB20E8 /* FirstViewController.swift */,
				777461991B4FAA1200E5A882 /* CategoryViewController.swift */,
				7767E24A1B50103400481661 /* SpotDetailViewController.swift */,
				7706CBE81B515D1A00DB5DFC /* ShopDetailViewController.swift */,
			);
			name = viewcontrollers;
			sourceTree = "<group>";
		};
		77161B891B4BB60100DB20E8 /* models */ = {
			isa = PBXGroup;
			children = (
			);
			name = models;
			sourceTree = "<group>";
		};
		77161B8A1B4BB60600DB20E8 /* views */ = {
			isa = PBXGroup;
			children = (
				773625211B4D230400D9B74D /* FriendTableViewCell.swift */,
			);
			name = views;
			sourceTree = "<group>";
		};
		77161B8B1B4BB60A00DB20E8 /* viewcontrollers */ = {
			isa = PBXGroup;
			children = (
				77161B791B4A226500DB20E8 /* MessageViewController.swift */,
				77161BA51B4C2D5400DB20E8 /* ChatViewController.swift */,
			);
			name = viewcontrollers;
			sourceTree = "<group>";
		};
		77161B8C1B4BB60D00DB20E8 /* models */ = {
			isa = PBXGroup;
			children = (
			);
			name = models;
			sourceTree = "<group>";
		};
		77161B8D1B4BB61100DB20E8 /* views */ = {
			isa = PBXGroup;
			children = (
				77161B961B4BBF0400DB20E8 /* FarmerTableViewCell.swift */,
			);
			name = views;
			sourceTree = "<group>";
		};
		77161B8E1B4BB61400DB20E8 /* viewcontrollers */ = {
			isa = PBXGroup;
			children = (
				77161B771B4A226500DB20E8 /* FarmViewController.swift */,
			);
			name = viewcontrollers;
			sourceTree = "<group>";
		};
		77161B8F1B4BB61700DB20E8 /* models */ = {
			isa = PBXGroup;
			children = (
				77161BA11B4BD30300DB20E8 /* TrendsModel.swift */,
				77161BA91B4CDABC00DB20E8 /* CommentModel.swift */,
			);
			name = models;
			sourceTree = "<group>";
		};
		77161B901B4BB61B00DB20E8 /* views */ = {
			isa = PBXGroup;
			children = (
				77161B981B4BBF2300DB20E8 /* TrendsTableViewCell.swift */,
				77161BA71B4CA79B00DB20E8 /* TrendsDisplayPhotoView.swift */,
				77D2AF781B4D1232008D06CB /* CommentTableViewCell.swift */,
				777461971B4FA2AB00E5A882 /* TabBarView.swift */,
			);
			name = views;
			sourceTree = "<group>";
		};
		77161B911B4BB61E00DB20E8 /* viewcontrollers */ = {
			isa = PBXGroup;
			children = (
				77161B7B1B4A226500DB20E8 /* TrendsViewController.swift */,
				77161BA31B4C19A600DB20E8 /* TrendsDetailViewController.swift */,
				7767E24C1B5011BB00481661 /* WritetrendsViewController.swift */,
			);
			name = viewcontrollers;
			sourceTree = "<group>";
		};
		77161B921B4BB62100DB20E8 /* models */ = {
			isa = PBXGroup;
			children = (
			);
			name = models;
			sourceTree = "<group>";
		};
		77161B931B4BB62400DB20E8 /* views */ = {
			isa = PBXGroup;
			children = (
				77FA61F01B54934300931173 /* AvatorStateView.swift */,
				77FA61F81B54C51800931173 /* AboutMineTableViewCell.swift */,
				77FA61FA1B54C52C00931173 /* MyTableViewCell.swift */,
			);
			name = views;
			sourceTree = "<group>";
		};
		77161B941B4BB62800DB20E8 /* viewcontrollers */ = {
			isa = PBXGroup;
			children = (
				77161B7A1B4A226500DB20E8 /* MyViewController.swift */,
				77FA61F21B549E4E00931173 /* LoginViewController.swift */,
				77FA61F41B549E6700931173 /* RegisterViewController.swift */,
				77FA61F61B54C38900931173 /* UserInfosViewController.swift */,
			);
			name = viewcontrollers;
			sourceTree = "<group>";
		};
		D5F85A16CDFC87E1024ED98A /* Frameworks */ = {
			isa = PBXGroup;
			children = (
				917BD8798856F4B16B18F1FD /* Pods.framework */,
			);
			name = Frameworks;
			sourceTree = "<group>";
		};
/* End PBXGroup section */

/* Begin PBXNativeTarget section */
		77161B451B4A1DEF00DB20E8 /* GoFarmBySwift */ = {
			isa = PBXNativeTarget;
			buildConfigurationList = 77161B6E1B4A1DEF00DB20E8 /* Build configuration list for PBXNativeTarget "GoFarmBySwift" */;
			buildPhases = (
				C20EEEA95EC84AE62ABF2CAE /* Check Pods Manifest.lock */,
				77161B421B4A1DEF00DB20E8 /* Sources */,
				77161B431B4A1DEF00DB20E8 /* Frameworks */,
				77161B441B4A1DEF00DB20E8 /* Resources */,
				2C1429DBF581B40DE5572BC8 /* Copy Pods Resources */,
				A0A4E9E7C8FA88CA3BE55FB0 /* Embed Pods Frameworks */,
			);
			buildRules = (
			);
			dependencies = (
			);
			name = GoFarmBySwift;
			productName = GoFarmBySwift;
			productReference = 77161B461B4A1DEF00DB20E8 /* GoFarmBySwift.app */;
			productType = "com.apple.product-type.application";
		};
		77161B591B4A1DEF00DB20E8 /* GoFarmBySwiftTests */ = {
			isa = PBXNativeTarget;
			buildConfigurationList = 77161B711B4A1DEF00DB20E8 /* Build configuration list for PBXNativeTarget "GoFarmBySwiftTests" */;
			buildPhases = (
				77161B561B4A1DEF00DB20E8 /* Sources */,
				77161B571B4A1DEF00DB20E8 /* Frameworks */,
				77161B581B4A1DEF00DB20E8 /* Resources */,
			);
			buildRules = (
			);
			dependencies = (
				77161B5C1B4A1DEF00DB20E8 /* PBXTargetDependency */,
			);
			name = GoFarmBySwiftTests;
			productName = GoFarmBySwiftTests;
			productReference = 77161B5A1B4A1DEF00DB20E8 /* GoFarmBySwiftTests.xctest */;
			productType = "com.apple.product-type.bundle.unit-test";
		};
		77161B641B4A1DEF00DB20E8 /* GoFarmBySwiftUITests */ = {
			isa = PBXNativeTarget;
			buildConfigurationList = 77161B741B4A1DEF00DB20E8 /* Build configuration list for PBXNativeTarget "GoFarmBySwiftUITests" */;
			buildPhases = (
				77161B611B4A1DEF00DB20E8 /* Sources */,
				77161B621B4A1DEF00DB20E8 /* Frameworks */,
				77161B631B4A1DEF00DB20E8 /* Resources */,
			);
			buildRules = (
			);
			dependencies = (
				77161B671B4A1DEF00DB20E8 /* PBXTargetDependency */,
			);
			name = GoFarmBySwiftUITests;
			productName = GoFarmBySwiftUITests;
			productReference = 77161B651B4A1DEF00DB20E8 /* GoFarmBySwiftUITests.xctest */;
			productType = "com.apple.product-type.bundle.ui-testing";
		};
/* End PBXNativeTarget section */

/* Begin PBXProject section */
		77161B3E1B4A1DEF00DB20E8 /* Project object */ = {
			isa = PBXProject;
			attributes = {
				LastSwiftMigration = 0710;
				LastSwiftUpdateCheck = 0700;
				LastUpgradeCheck = 0700;
				ORGANIZATIONNAME = "&#39068;&#39759;";
				TargetAttributes = {
					77161B451B4A1DEF00DB20E8 = {
						CreatedOnToolsVersion = 7.0;
					};
					77161B591B4A1DEF00DB20E8 = {
						CreatedOnToolsVersion = 7.0;
						TestTargetID = 77161B451B4A1DEF00DB20E8;
					};
					77161B641B4A1DEF00DB20E8 = {
						CreatedOnToolsVersion = 7.0;
						TestTargetID = 77161B451B4A1DEF00DB20E8;
					};
				};
			};
			buildConfigurationList = 77161B411B4A1DEF00DB20E8 /* Build configuration list for PBXProject "GoFarmBySwift" */;
			compatibilityVersion = "Xcode 3.2";
			developmentRegion = English;
			hasScannedForEncodings = 0;
			knownRegions = (
				en,
				Base,
			);
			mainGroup = 77161B3D1B4A1DEF00DB20E8;
			productRefGroup = 77161B471B4A1DEF00DB20E8 /* Products */;
			projectDirPath = "";
			projectRoot = "";
			targets = (
				77161B451B4A1DEF00DB20E8 /* GoFarmBySwift */,
				77161B591B4A1DEF00DB20E8 /* GoFarmBySwiftTests */,
				77161B641B4A1DEF00DB20E8 /* GoFarmBySwiftUITests */,
			);
		};
/* End PBXProject section */

/* Begin PBXResourcesBuildPhase section */
		77161B441B4A1DEF00DB20E8 /* Resources */ = {
			isa = PBXResourcesBuildPhase;
			buildActionMask = 2147483647;
			files = (
				77161B541B4A1DEF00DB20E8 /* LaunchScreen.storyboard in Resources */,
				77161B511B4A1DEF00DB20E8 /* Assets.xcassets in Resources */,
				77161B4F1B4A1DEF00DB20E8 /* Main.storyboard in Resources */,
			);
			runOnlyForDeploymentPostprocessing = 0;
		};
		77161B581B4A1DEF00DB20E8 /* Resources */ = {
			isa = PBXResourcesBuildPhase;
			buildActionMask = 2147483647;
			files = (
			);
			runOnlyForDeploymentPostprocessing = 0;
		};
		77161B631B4A1DEF00DB20E8 /* Resources */ = {
			isa = PBXResourcesBuildPhase;
			buildActionMask = 2147483647;
			files = (
			);
			runOnlyForDeploymentPostprocessing = 0;
		};
/* End PBXResourcesBuildPhase section */

/* Begin PBXShellScriptBuildPhase section */
		2C1429DBF581B40DE5572BC8 /* Copy Pods Resources */ = {
			isa = PBXShellScriptBuildPhase;
			buildActionMask = 2147483647;
			files = (
			);
			inputPaths = (
			);
			name = "Copy Pods Resources";
			outputPaths = (
			);
			runOnlyForDeploymentPostprocessing = 0;
			shellPath = /bin/sh;
			shellScript = "\"${SRCROOT}/Pods/Target Support Files/Pods/Pods-resources.sh\"\n";
			showEnvVarsInLog = 0;
		};
		A0A4E9E7C8FA88CA3BE55FB0 /* Embed Pods Frameworks */ = {
			isa = PBXShellScriptBuildPhase;
			buildActionMask = 2147483647;
			files = (
			);
			inputPaths = (
			);
			name = "Embed Pods Frameworks";
			outputPaths = (
			);
			runOnlyForDeploymentPostprocessing = 0;
			shellPath = /bin/sh;
			shellScript = "\"${SRCROOT}/Pods/Target Support Files/Pods/Pods-frameworks.sh\"\n";
			showEnvVarsInLog = 0;
		};
		C20EEEA95EC84AE62ABF2CAE /* Check Pods Manifest.lock */ = {
			isa = PBXShellScriptBuildPhase;
			buildActionMask = 2147483647;
			files = (
			);
			inputPaths = (
			);
			name = "Check Pods Manifest.lock";
			outputPaths = (
			);
			runOnlyForDeploymentPostprocessing = 0;
			shellPath = /bin/sh;
			shellScript = "diff \"${PODS_ROOT}/../Podfile.lock\" \"${PODS_ROOT}/Manifest.lock\" > /dev/null\nif [[ $? != 0 ]] ; then\n    cat << EOM\nerror: The sandbox is not in sync with the Podfile.lock. Run 'pod install' or update your CocoaPods installation.\nEOM\n    exit 1\nfi\n";
			showEnvVarsInLog = 0;
		};
/* End PBXShellScriptBuildPhase section */

/* Begin PBXSourcesBuildPhase section */
		77161B421B4A1DEF00DB20E8 /* Sources */ = {
			isa = PBXSourcesBuildPhase;
			buildActionMask = 2147483647;
			files = (
				56EFD02C1BD9D237008D3CF7 /* DataBaseManager.swift in Sources */,
				7774619A1B4FAA1200E5A882 /* CategoryViewController.swift in Sources */,
				77161B9F1B4BD1DA00DB20E8 /* FileHead.swift in Sources */,
				77161B801B4A226500DB20E8 /* TrendsViewController.swift in Sources */,
				77C6C5051BDA97530095DB9A /* HotProductCollectionViewCell.swift in Sources */,
				77FA61F11B54934300931173 /* AvatorStateView.swift in Sources */,
				77161B4A1B4A1DEF00DB20E8 /* AppDelegate.swift in Sources */,
				77C6C5011BDA92590095DB9A /* HotProductTableViewCell.swift in Sources */,
				77161B7C1B4A226500DB20E8 /* FarmViewController.swift in Sources */,
				77161B7D1B4A226500DB20E8 /* FirstViewController.swift in Sources */,
				77161B971B4BBF0400DB20E8 /* FarmerTableViewCell.swift in Sources */,
				777461981B4FA2AB00E5A882 /* TabBarView.swift in Sources */,
				7767E24B1B50103400481661 /* SpotDetailViewController.swift in Sources */,
				77FA61F71B54C38900931173 /* UserInfosViewController.swift in Sources */,
				56EFCFED1BD9C5A9008D3CF7 /* ProductModel.swift in Sources */,
				77C6C5031BDA937A0095DB9A /* Define.swift in Sources */,
				77161BA21B4BD30300DB20E8 /* TrendsModel.swift in Sources */,
				77FA61F31B549E4E00931173 /* LoginViewController.swift in Sources */,
				77161BA41B4C19A600DB20E8 /* TrendsDetailViewController.swift in Sources */,
				77161BA81B4CA79B00DB20E8 /* TrendsDisplayPhotoView.swift in Sources */,
				77161B7F1B4A226500DB20E8 /* MyViewController.swift in Sources */,
				77161B7E1B4A226500DB20E8 /* MessageViewController.swift in Sources */,
				77D2AF791B4D1232008D06CB /* CommentTableViewCell.swift in Sources */,
				773625221B4D230400D9B74D /* FriendTableViewCell.swift in Sources */,
				77FA61F91B54C51800931173 /* AboutMineTableViewCell.swift in Sources */,
				77161BAA1B4CDABC00DB20E8 /* CommentModel.swift in Sources */,
				7767E24D1B5011BB00481661 /* WritetrendsViewController.swift in Sources */,
				77161BA61B4C2D5400DB20E8 /* ChatViewController.swift in Sources */,
				77161BAC1B4CDACA00DB20E8 /* UserModel.swift in Sources */,
				77FA61FB1B54C52C00931173 /* MyTableViewCell.swift in Sources */,
				56EFCFEB1BD9C59D008D3CF7 /* StoreModel.swift in Sources */,
				771063FA1B4E1CA200308C38 /* RepeatRollView.swift in Sources */,
				77FA61F51B549E6700931173 /* RegisterViewController.swift in Sources */,
				7706CBE91B515D1A00DB5DFC /* ShopDetailViewController.swift in Sources */,
				77161B991B4BBF2300DB20E8 /* TrendsTableViewCell.swift in Sources */,
			);
			runOnlyForDeploymentPostprocessing = 0;
		};
		77161B561B4A1DEF00DB20E8 /* Sources */ = {
			isa = PBXSourcesBuildPhase;
			buildActionMask = 2147483647;
			files = (
				77161B5F1B4A1DEF00DB20E8 /* GoFarmBySwiftTests.swift in Sources */,
			);
			runOnlyForDeploymentPostprocessing = 0;
		};
		77161B611B4A1DEF00DB20E8 /* Sources */ = {
			isa = PBXSourcesBuildPhase;
			buildActionMask = 2147483647;
			files = (
				77161B6A1B4A1DEF00DB20E8 /* GoFarmBySwiftUITests.swift in Sources */,
			);
			runOnlyForDeploymentPostprocessing = 0;
		};
/* End PBXSourcesBuildPhase section */

/* Begin PBXTargetDependency section */
		77161B5C1B4A1DEF00DB20E8 /* PBXTargetDependency */ = {
			isa = PBXTargetDependency;
			target = 77161B451B4A1DEF00DB20E8 /* GoFarmBySwift */;
			targetProxy = 77161B5B1B4A1DEF00DB20E8 /* PBXContainerItemProxy */;
		};
		77161B671B4A1DEF00DB20E8 /* PBXTargetDependency */ = {
			isa = PBXTargetDependency;
			target = 77161B451B4A1DEF00DB20E8 /* GoFarmBySwift */;
			targetProxy = 77161B661B4A1DEF00DB20E8 /* PBXContainerItemProxy */;
		};
/* End PBXTargetDependency section */

/* Begin PBXVariantGroup section */
		77161B4D1B4A1DEF00DB20E8 /* Main.storyboard */ = {
			isa = PBXVariantGroup;
			children = (
				77161B4E1B4A1DEF00DB20E8 /* Base */,
			);
			name = Main.storyboard;
			sourceTree = "<group>";
		};
		77161B521B4A1DEF00DB20E8 /* LaunchScreen.storyboard */ = {
			isa = PBXVariantGroup;
			children = (
				77161B531B4A1DEF00DB20E8 /* Base */,
			);
			name = LaunchScreen.storyboard;
			sourceTree = "<group>";
		};
/* End PBXVariantGroup section */

/* Begin XCBuildConfiguration section */
		77161B6C1B4A1DEF00DB20E8 /* Debug */ = {
			isa = XCBuildConfiguration;
			buildSettings = {
				ALWAYS_SEARCH_USER_PATHS = NO;
				CLANG_CXX_LANGUAGE_STANDARD = "gnu++0x";
				CLANG_CXX_LIBRARY = "libc++";
				CLANG_ENABLE_MODULES = YES;
				CLANG_ENABLE_OBJC_ARC = YES;
				CLANG_WARN_BOOL_CONVERSION = YES;
				CLANG_WARN_CONSTANT_CONVERSION = YES;
				CLANG_WARN_DIRECT_OBJC_ISA_USAGE = YES_ERROR;
				CLANG_WARN_EMPTY_BODY = YES;
				CLANG_WARN_ENUM_CONVERSION = YES;
				CLANG_WARN_INT_CONVERSION = YES;
				CLANG_WARN_OBJC_ROOT_CLASS = YES_ERROR;
				CLANG_WARN_UNREACHABLE_CODE = YES;
				CLANG_WARN__DUPLICATE_METHOD_MATCH = YES;
				"CODE_SIGN_IDENTITY[sdk=iphoneos*]" = "iPhone Developer";
				COPY_PHASE_STRIP = NO;
				DEBUG_INFORMATION_FORMAT = dwarf;
				ENABLE_STRICT_OBJC_MSGSEND = YES;
				ENABLE_TESTABILITY = YES;
				GCC_C_LANGUAGE_STANDARD = gnu99;
				GCC_DYNAMIC_NO_PIC = NO;
				GCC_NO_COMMON_BLOCKS = YES;
				GCC_OPTIMIZATION_LEVEL = 0;
				GCC_PREPROCESSOR_DEFINITIONS = (
					"DEBUG=1",
					"$(inherited)",
				);
				GCC_WARN_64_TO_32_BIT_CONVERSION = YES;
				GCC_WARN_ABOUT_RETURN_TYPE = YES_ERROR;
				GCC_WARN_UNDECLARED_SELECTOR = YES;
				GCC_WARN_UNINITIALIZED_AUTOS = YES_AGGRESSIVE;
				GCC_WARN_UNUSED_FUNCTION = YES;
				GCC_WARN_UNUSED_VARIABLE = YES;
				IPHONEOS_DEPLOYMENT_TARGET = 9.0;
				MTL_ENABLE_DEBUG_INFO = YES;
				ONLY_ACTIVE_ARCH = YES;
				SDKROOT = iphoneos;
				SWIFT_OPTIMIZATION_LEVEL = "-Onone";
				TARGETED_DEVICE_FAMILY = "1,2";
			};
			name = Debug;
		};
		77161B6D1B4A1DEF00DB20E8 /* Release */ = {
			isa = XCBuildConfiguration;
			buildSettings = {
				ALWAYS_SEARCH_USER_PATHS = NO;
				CLANG_CXX_LANGUAGE_STANDARD = "gnu++0x";
				CLANG_CXX_LIBRARY = "libc++";
				CLANG_ENABLE_MODULES = YES;
				CLANG_ENABLE_OBJC_ARC = YES;
				CLANG_WARN_BOOL_CONVERSION = YES;
				CLANG_WARN_CONSTANT_CONVERSION = YES;
				CLANG_WARN_DIRECT_OBJC_ISA_USAGE = YES_ERROR;
				CLANG_WARN_EMPTY_BODY = YES;
				CLANG_WARN_ENUM_CONVERSION = YES;
				CLANG_WARN_INT_CONVERSION = YES;
				CLANG_WARN_OBJC_ROOT_CLASS = YES_ERROR;
				CLANG_WARN_UNREACHABLE_CODE = YES;
				CLANG_WARN__DUPLICATE_METHOD_MATCH = YES;
				"CODE_SIGN_IDENTITY[sdk=iphoneos*]" = "iPhone Developer";
				COPY_PHASE_STRIP = NO;
				DEBUG_INFORMATION_FORMAT = "dwarf-with-dsym";
				ENABLE_NS_ASSERTIONS = NO;
				ENABLE_STRICT_OBJC_MSGSEND = YES;
				GCC_C_LANGUAGE_STANDARD = gnu99;
				GCC_NO_COMMON_BLOCKS = YES;
				GCC_WARN_64_TO_32_BIT_CONVERSION = YES;
				GCC_WARN_ABOUT_RETURN_TYPE = YES_ERROR;
				GCC_WARN_UNDECLARED_SELECTOR = YES;
				GCC_WARN_UNINITIALIZED_AUTOS = YES_AGGRESSIVE;
				GCC_WARN_UNUSED_FUNCTION = YES;
				GCC_WARN_UNUSED_VARIABLE = YES;
				IPHONEOS_DEPLOYMENT_TARGET = 9.0;
				MTL_ENABLE_DEBUG_INFO = NO;
				SDKROOT = iphoneos;
				TARGETED_DEVICE_FAMILY = "1,2";
				VALIDATE_PRODUCT = YES;
			};
			name = Release;
		};
		77161B6F1B4A1DEF00DB20E8 /* Debug */ = {
			isa = XCBuildConfiguration;
			baseConfigurationReference = 5309DFBE5A33005887F14E8C /* Pods.debug.xcconfig */;
			buildSettings = {
				ASSETCATALOG_COMPILER_APPICON_NAME = AppIcon;
				CLANG_ENABLE_MODULES = YES;
				GCC_PREFIX_HEADER = "$(SRCROOT)/GoFarmBySwift/PrefixHeader.pch";
				INFOPLIST_FILE = GoFarmBySwift/Info.plist;
				IPHONEOS_DEPLOYMENT_TARGET = 8.0;
				LD_RUNPATH_SEARCH_PATHS = "$(inherited) @executable_path/Frameworks";
				PRODUCT_BUNDLE_IDENTIFIER = tanglin.com.wei.GoFarmBySwift;
				PRODUCT_NAME = "$(TARGET_NAME)";
				SWIFT_OBJC_BRIDGING_HEADER = "GoFarmBySwift-Bridging-Header.h";
				SWIFT_OPTIMIZATION_LEVEL = "-Onone";
			};
			name = Debug;
		};
		77161B701B4A1DEF00DB20E8 /* Release */ = {
			isa = XCBuildConfiguration;
			baseConfigurationReference = 6C3FB21E78283F49C6F6BDF5 /* Pods.release.xcconfig */;
			buildSettings = {
				ASSETCATALOG_COMPILER_APPICON_NAME = AppIcon;
				CLANG_ENABLE_MODULES = YES;
				GCC_PREFIX_HEADER = "$(SRCROOT)/GoFarmBySwift/PrefixHeader.pch";
				INFOPLIST_FILE = GoFarmBySwift/Info.plist;
				IPHONEOS_DEPLOYMENT_TARGET = 8.0;
				LD_RUNPATH_SEARCH_PATHS = "$(inherited) @executable_path/Frameworks";
				PRODUCT_BUNDLE_IDENTIFIER = tanglin.com.wei.GoFarmBySwift;
				PRODUCT_NAME = "$(TARGET_NAME)";
				SWIFT_OBJC_BRIDGING_HEADER = "GoFarmBySwift-Bridging-Header.h";
			};
			name = Release;
		};
		77161B721B4A1DEF00DB20E8 /* Debug */ = {
			isa = XCBuildConfiguration;
			buildSettings = {
				BUNDLE_LOADER = "$(TEST_HOST)";
				INFOPLIST_FILE = GoFarmBySwiftTests/Info.plist;
				LD_RUNPATH_SEARCH_PATHS = "$(inherited) @executable_path/Frameworks @loader_path/Frameworks";
				PRODUCT_BUNDLE_IDENTIFIER = tanglin.com.wei.GoFarmBySwiftTests;
				PRODUCT_NAME = "$(TARGET_NAME)";
				TEST_HOST = "$(BUILT_PRODUCTS_DIR)/GoFarmBySwift.app/GoFarmBySwift";
			};
			name = Debug;
		};
		77161B731B4A1DEF00DB20E8 /* Release */ = {
			isa = XCBuildConfiguration;
			buildSettings = {
				BUNDLE_LOADER = "$(TEST_HOST)";
				INFOPLIST_FILE = GoFarmBySwiftTests/Info.plist;
				LD_RUNPATH_SEARCH_PATHS = "$(inherited) @executable_path/Frameworks @loader_path/Frameworks";
				PRODUCT_BUNDLE_IDENTIFIER = tanglin.com.wei.GoFarmBySwiftTests;
				PRODUCT_NAME = "$(TARGET_NAME)";
				TEST_HOST = "$(BUILT_PRODUCTS_DIR)/GoFarmBySwift.app/GoFarmBySwift";
			};
			name = Release;
		};
		77161B751B4A1DEF00DB20E8 /* Debug */ = {
			isa = XCBuildConfiguration;
			buildSettings = {
				INFOPLIST_FILE = GoFarmBySwiftUITests/Info.plist;
				LD_RUNPATH_SEARCH_PATHS = "$(inherited) @executable_path/Frameworks @loader_path/Frameworks";
				PRODUCT_BUNDLE_IDENTIFIER = tanglin.com.wei.GoFarmBySwiftUITests;
				PRODUCT_NAME = "$(TARGET_NAME)";
				TEST_TARGET_NAME = GoFarmBySwift;
				USES_XCTRUNNER = YES;
			};
			name = Debug;
		};
		77161B761B4A1DEF00DB20E8 /* Release */ = {
			isa = XCBuildConfiguration;
			buildSettings = {
				INFOPLIST_FILE = GoFarmBySwiftUITests/Info.plist;
				LD_RUNPATH_SEARCH_PATHS = "$(inherited) @executable_path/Frameworks @loader_path/Frameworks";
				PRODUCT_BUNDLE_IDENTIFIER = tanglin.com.wei.GoFarmBySwiftUITests;
				PRODUCT_NAME = "$(TARGET_NAME)";
				TEST_TARGET_NAME = GoFarmBySwift;
				USES_XCTRUNNER = YES;
			};
			name = Release;
		};
/* End XCBuildConfiguration section */

/* Begin XCConfigurationList section */
		77161B411B4A1DEF00DB20E8 /* Build configuration list for PBXProject "GoFarmBySwift" */ = {
			isa = XCConfigurationList;
			buildConfigurations = (
				77161B6C1B4A1DEF00DB20E8 /* Debug */,
				77161B6D1B4A1DEF00DB20E8 /* Release */,
			);
			defaultConfigurationIsVisible = 0;
			defaultConfigurationName = Release;
		};
		77161B6E1B4A1DEF00DB20E8 /* Build configuration list for PBXNativeTarget "GoFarmBySwift" */ = {
			isa = XCConfigurationList;
			buildConfigurations = (
				77161B6F1B4A1DEF00DB20E8 /* Debug */,
				77161B701B4A1DEF00DB20E8 /* Release */,
			);
			defaultConfigurationIsVisible = 0;
			defaultConfigurationName = Release;
		};
		77161B711B4A1DEF00DB20E8 /* Build configuration list for PBXNativeTarget "GoFarmBySwiftTests" */ = {
			isa = XCConfigurationList;
			buildConfigurations = (
				77161B721B4A1DEF00DB20E8 /* Debug */,
				77161B731B4A1DEF00DB20E8 /* Release */,
			);
			defaultConfigurationIsVisible = 0;
			defaultConfigurationName = Release;
		};
		77161B741B4A1DEF00DB20E8 /* Build configuration list for PBXNativeTarget "GoFarmBySwiftUITests" */ = {
			isa = XCConfigurationList;
			buildConfigurations = (
				77161B751B4A1DEF00DB20E8 /* Debug */,
				77161B761B4A1DEF00DB20E8 /* Release */,
			);
			defaultConfigurationIsVisible = 0;
			defaultConfigurationName = Release;
		};
/* End XCConfigurationList section */
	};
	rootObject = 77161B3E1B4A1DEF00DB20E8 /* Project object */;
}
