PODS:
  - Alamofire (1.2.3)
  - Kingfisher (1.4.1)
  - RongCloudIMKit (2.2.0)
  - SnapKit (0.12.0)

DEPENDENCIES:
  - Alamofire (from `https://github.com/Alamofire/Alamofire.git`, branch `swift-2.0`)
  - Kingfisher (from `https://github.com/onevcat/Kingfisher`, branch `swift-2.0`)
  - RongCloudIMKit
  - SnapKit (from `https://github.com/SnapKit/SnapKit`, branch `swift-2.0`)

EXTERNAL SOURCES:
  Alamofire:
    :branch: swift-2.0
    :git: https://github.com/Alamofire/Alamofire.git
  Kingfisher:
    :branch: swift-2.0
    :git: https://github.com/onevcat/Kingfisher
  SnapKit:
    :branch: swift-2.0
    :git: https://github.com/SnapKit/SnapKit

CHECKOUT OPTIONS:
  Alamofire:
    :commit: fd71afb3a0af2042b9f05a6b9f29317ad4903703
    :git: https://github.com/Alamofire/Alamofire.git
  Kingfisher:
    :commit: 2283c950d5c85f189f4ed35858245d109f3de5e0
    :git: https://github.com/onevcat/Kingfisher
  SnapKit:
    :commit: e9c9f6fe8e0954a50dd62a61a449b66ef84ae205
    :git: https://github.com/SnapKit/SnapKit

SPEC CHECKSUMS:
  Alamofire: 5550bf0b575ed1a4bf9be572f9463e1015cc169e
  Kingfisher: 962a21cdc2a7b0fa63be3b2c45ea6f180feda535
  RongCloudIMKit: ab05b526fb8c03ea8b467993d8b6f5b75d86210f
  SnapKit: 00c388aa3bf1944c1b55472f31e841f75bd83882

COCOAPODS: 0.36.0
