PODS:
  - Alamofire (3.0.1)
  - Kingfisher (1.6.1)
  - RongCloudIMKit (2.2.0)
  - SnapKit (0.15.0)
  - SQLite.swift (1.0.0)

DEPENDENCIES:
  - Alamofire
  - Kingfisher
  - RongCloudIMKit
  - SnapKit
  - SQLite.swift (from `https://github.com/stephencelis/SQLite.swift.git`)

EXTERNAL SOURCES:
  SQLite.swift:
    :git: https://github.com/stephencelis/SQLite.swift.git

CHECKOUT OPTIONS:
  SQLite.swift:
    :commit: c9d3082d1f5ddc2e55a792a8eb1a677b8a1b15f5
    :git: https://github.com/stephencelis/SQLite.swift.git

SPEC CHECKSUMS:
  Alamofire: 2457e1b2e6c46bb05c3a598c542b7bfd08893775
  Kingfisher: a40cf8134ba1a78f395bdd3ee97d386ff3c3be0d
  RongCloudIMKit: ab05b526fb8c03ea8b467993d8b6f5b75d86210f
  SnapKit: 4962eed2ee18e48cbd2b2292fffc57efe7235f87
  SQLite.swift: 8e77bf34f5cbb8e17445489448afab12e6a0be1f

COCOAPODS: 0.37.2
